
Microsoft Visual Studio Solution File, Format Version 12.00
# Visual Studio Version 16
VisualStudioVersion = 16.0.30717.126
MinimumVisualStudioVersion = 10.0.40219.1
Project("{FAE04EC0-301F-11D3-BF4B-00C04F79EFBC}") = "BozaPodroz.UWP", "BozaPodroz.UWP\BozaPodroz.UWP.csproj", "{D35AE0D8-2FB9-4953-8534-406AAD125A92}"
EndProject
Project("{FAE04EC0-301F-11D3-BF4B-00C04F79EFBC}") = "BozaPodroz.Android", "BozaPodroz.Android\BozaPodroz.Android.csproj", "{FAD755A9-FDC9-4327-A122-5078C2D58CB8}"
EndProject
Project("{FAE04EC0-301F-11D3-BF4B-00C04F79EFBC}") = "BozaPodroz.iOS", "BozaPodroz.iOS\BozaPodroz.iOS.csproj", "{2E287F97-3E67-4613-AA2F-3A3DDFF6896E}"
EndProject
Project("{FAE04EC0-301F-11D3-BF4B-00C04F79EFBC}") = "BozaPodroz", "BozaPodroz\BozaPodroz.csproj", "{F7B353B6-2BDE-44FF-B965-EA21A804E3D0}"
EndProject
Global
	GlobalSection(SolutionConfigurationPlatforms) = preSolution
		Debug|Any CPU = Debug|Any CPU
		Debug|ARM = Debug|ARM
		Debug|iPhone = Debug|iPhone
		Debug|iPhoneSimulator = Debug|iPhoneSimulator
		Debug|x64 = Debug|x64
		Debug|x86 = Debug|x86
		Release|Any CPU = Release|Any CPU
		Release|ARM = Release|ARM
		Release|iPhone = Release|iPhone
		Release|iPhoneSimulator = Release|iPhoneSimulator
		Release|x64 = Release|x64
		Release|x86 = Release|x86
	EndGlobalSection
	GlobalSection(ProjectConfigurationPlatforms) = postSolution
		{D35AE0D8-2FB9-4953-8534-406AAD125A92}.Debug|Any CPU.ActiveCfg = Debug|x86
		{D35AE0D8-2FB9-4953-8534-406AAD125A92}.Debug|Any CPU.Build.0 = Debug|x86
		{D35AE0D8-2FB9-4953-8534-406AAD125A92}.Debug|Any CPU.Deploy.0 = Debug|x86
		{D35AE0D8-2FB9-4953-8534-406AAD125A92}.Debug|ARM.ActiveCfg = Debug|ARM
		{D35AE0D8-2FB9-4953-8534-406AAD125A92}.Debug|ARM.Build.0 = Debug|ARM
		{D35AE0D8-2FB9-4953-8534-406AAD125A92}.Debug|ARM.Deploy.0 = Debug|ARM
		{D35AE0D8-2FB9-4953-8534-406AAD125A92}.Debug|iPhone.ActiveCfg = Debug|x86
		{D35AE0D8-2FB9-4953-8534-406AAD125A92}.Debug|iPhone.Build.0 = Debug|x86
		{D35AE0D8-2FB9-4953-8534-406AAD125A92}.Debug|iPhone.Deploy.0 = Debug|x86
		{D35AE0D8-2FB9-4953-8534-406AAD125A92}.Debug|iPhoneSimulator.ActiveCfg = Debug|x86
		{D35AE0D8-2FB9-4953-8534-406AAD125A92}.Debug|iPhoneSimulator.Build.0 = Debug|x86
		{D35AE0D8-2FB9-4953-8534-406AAD125A92}.Debug|iPhoneSimulator.Deploy.0 = Debug|x86
		{D35AE0D8-2FB9-4953-8534-406AAD125A92}.Debug|x64.ActiveCfg = Debug|x64
		{D35AE0D8-2FB9-4953-8534-406AAD125A92}.Debug|x64.Build.0 = Debug|x64
		{D35AE0D8-2FB9-4953-8534-406AAD125A92}.Debug|x64.Deploy.0 = Debug|x64
		{D35AE0D8-2FB9-4953-8534-406AAD125A92}.Debug|x86.ActiveCfg = Debug|x86
		{D35AE0D8-2FB9-4953-8534-406AAD125A92}.Debug|x86.Build.0 = Debug|x86
		{D35AE0D8-2FB9-4953-8534-406AAD125A92}.Debug|x86.Deploy.0 = Debug|x86
		{D35AE0D8-2FB9-4953-8534-406AAD125A92}.Release|Any CPU.ActiveCfg = Release|x86
		{D35AE0D8-2FB9-4953-8534-406AAD125A92}.Release|Any CPU.Build.0 = Release|x86
		{D35AE0D8-2FB9-4953-8534-406AAD125A92}.Release|Any CPU.Deploy.0 = Release|x86
		{D35AE0D8-2FB9-4953-8534-406AAD125A92}.Release|ARM.ActiveCfg = Release|ARM
		{D35AE0D8-2FB9-4953-8534-406AAD125A92}.Release|ARM.Build.0 = Release|ARM
		{D35AE0D8-2FB9-4953-8534-406AAD125A92}.Release|ARM.Deploy.0 = Release|ARM
		{D35AE0D8-2FB9-4953-8534-406AAD125A92}.Release|iPhone.ActiveCfg = Release|x86
		{D35AE0D8-2FB9-4953-8534-406AAD125A92}.Release|iPhone.Build.0 = Release|x86
		{D35AE0D8-2FB9-4953-8534-406AAD125A92}.Release|iPhone.Deploy.0 = Release|x86
		{D35AE0D8-2FB9-4953-8534-406AAD125A92}.Release|iPhoneSimulator.ActiveCfg = Release|x86
		{D35AE0D8-2FB9-4953-8534-406AAD125A92}.Release|iPhoneSimulator.Build.0 = Release|x86
		{D35AE0D8-2FB9-4953-8534-406AAD125A92}.Release|iPhoneSimulator.Deploy.0 = Release|x86
		{D35AE0D8-2FB9-4953-8534-406AAD125A92}.Release|x64.ActiveCfg = Release|x64
		{D35AE0D8-2FB9-4953-8534-406AAD125A92}.Release|x64.Build.0 = Release|x64
		{D35AE0D8-2FB9-4953-8534-406AAD125A92}.Release|x64.Deploy.0 = Release|x64
		{D35AE0D8-2FB9-4953-8534-406AAD125A92}.Release|x86.ActiveCfg = Release|x86
		{D35AE0D8-2FB9-4953-8534-406AAD125A92}.Release|x86.Build.0 = Release|x86
		{D35AE0D8-2FB9-4953-8534-406AAD125A92}.Release|x86.Deploy.0 = Release|x86
		{FAD755A9-FDC9-4327-A122-5078C2D58CB8}.Debug|Any CPU.ActiveCfg = Debug|Any CPU
		{FAD755A9-FDC9-4327-A122-5078C2D58CB8}.Debug|Any CPU.Build.0 = Debug|Any CPU
		{FAD755A9-FDC9-4327-A122-5078C2D58CB8}.Debug|Any CPU.Deploy.0 = Debug|Any CPU
		{FAD755A9-FDC9-4327-A122-5078C2D58CB8}.Debug|ARM.ActiveCfg = Debug|Any CPU
		{FAD755A9-FDC9-4327-A122-5078C2D58CB8}.Debug|ARM.Build.0 = Debug|Any CPU
		{FAD755A9-FDC9-4327-A122-5078C2D58CB8}.Debug|ARM.Deploy.0 = Debug|Any CPU
		{FAD755A9-FDC9-4327-A122-5078C2D58CB8}.Debug|iPhone.ActiveCfg = Debug|Any CPU
		{FAD755A9-FDC9-4327-A122-5078C2D58CB8}.Debug|iPhone.Build.0 = Debug|Any CPU
		{FAD755A9-FDC9-4327-A122-5078C2D58CB8}.Debug|iPhone.Deploy.0 = Debug|Any CPU
		{FAD755A9-FDC9-4327-A122-5078C2D58CB8}.Debug|iPhoneSimulator.ActiveCfg = Debug|Any CPU
		{FAD755A9-FDC9-4327-A122-5078C2D58CB8}.Debug|iPhoneSimulator.Build.0 = Debug|Any CPU
		{FAD755A9-FDC9-4327-A122-5078C2D58CB8}.Debug|iPhoneSimulator.Deploy.0 = Debug|Any CPU
		{FAD755A9-FDC9-4327-A122-5078C2D58CB8}.Debug|x64.ActiveCfg = Debug|Any CPU
		{FAD755A9-FDC9-4327-A122-5078C2D58CB8}.Debug|x64.Build.0 = Debug|Any CPU
		{FAD755A9-FDC9-4327-A122-5078C2D58CB8}.Debug|x64.Deploy.0 = Debug|Any CPU
		{FAD755A9-FDC9-4327-A122-5078C2D58CB8}.Debug|x86.ActiveCfg = Debug|Any CPU
		{FAD755A9-FDC9-4327-A122-5078C2D58CB8}.Debug|x86.Build.0 = Debug|Any CPU
		{FAD755A9-FDC9-4327-A122-5078C2D58CB8}.Debug|x86.Deploy.0 = Debug|Any CPU
		{FAD755A9-FDC9-4327-A122-5078C2D58CB8}.Release|Any CPU.ActiveCfg = Release|Any CPU
		{FAD755A9-FDC9-4327-A122-5078C2D58CB8}.Release|Any CPU.Build.0 = Release|Any CPU
		{FAD755A9-FDC9-4327-A122-5078C2D58CB8}.Release|Any CPU.Deploy.0 = Release|Any CPU
		{FAD755A9-FDC9-4327-A122-5078C2D58CB8}.Release|ARM.ActiveCfg = Release|Any CPU
		{FAD755A9-FDC9-4327-A122-5078C2D58CB8}.Release|ARM.Build.0 = Release|Any CPU
		{FAD755A9-FDC9-4327-A122-5078C2D58CB8}.Release|ARM.Deploy.0 = Release|Any CPU
		{FAD755A9-FDC9-4327-A122-5078C2D58CB8}.Release|iPhone.ActiveCfg = Release|Any CPU
		{FAD755A9-FDC9-4327-A122-5078C2D58CB8}.Release|iPhone.Build.0 = Release|Any CPU
		{FAD755A9-FDC9-4327-A122-5078C2D58CB8}.Release|iPhone.Deploy.0 = Release|Any CPU
		{FAD755A9-FDC9-4327-A122-5078C2D58CB8}.Release|iPhoneSimulator.ActiveCfg = Release|Any CPU
		{FAD755A9-FDC9-4327-A122-5078C2D58CB8}.Release|iPhoneSimulator.Build.0 = Release|Any CPU
		{FAD755A9-FDC9-4327-A122-5078C2D58CB8}.Release|iPhoneSimulator.Deploy.0 = Release|Any CPU
		{FAD755A9-FDC9-4327-A122-5078C2D58CB8}.Release|x64.ActiveCfg = Release|Any CPU
		{FAD755A9-FDC9-4327-A122-5078C2D58CB8}.Release|x64.Build.0 = Release|Any CPU
		{FAD755A9-FDC9-4327-A122-5078C2D58CB8}.Release|x64.Deploy.0 = Release|Any CPU
		{FAD755A9-FDC9-4327-A122-5078C2D58CB8}.Release|x86.ActiveCfg = Release|Any CPU
		{FAD755A9-FDC9-4327-A122-5078C2D58CB8}.Release|x86.Build.0 = Release|Any CPU
		{FAD755A9-FDC9-4327-A122-5078C2D58CB8}.Release|x86.Deploy.0 = Release|Any CPU
		{2E287F97-3E67-4613-AA2F-3A3DDFF6896E}.Debug|Any CPU.ActiveCfg = Debug|iPhoneSimulator
		{2E287F97-3E67-4613-AA2F-3A3DDFF6896E}.Debug|Any CPU.Build.0 = Debug|iPhoneSimulator
		{2E287F97-3E67-4613-AA2F-3A3DDFF6896E}.Debug|Any CPU.Deploy.0 = Debug|iPhoneSimulator
		{2E287F97-3E67-4613-AA2F-3A3DDFF6896E}.Debug|ARM.ActiveCfg = Debug|iPhone
		{2E287F97-3E67-4613-AA2F-3A3DDFF6896E}.Debug|ARM.Build.0 = Debug|iPhone
		{2E287F97-3E67-4613-AA2F-3A3DDFF6896E}.Debug|ARM.Deploy.0 = Debug|iPhone
		{2E287F97-3E67-4613-AA2F-3A3DDFF6896E}.Debug|iPhone.ActiveCfg = Debug|iPhone
		{2E287F97-3E67-4613-AA2F-3A3DDFF6896E}.Debug|iPhone.Build.0 = Debug|iPhone
		{2E287F97-3E67-4613-AA2F-3A3DDFF6896E}.Debug|iPhone.Deploy.0 = Debug|iPhone
		{2E287F97-3E67-4613-AA2F-3A3DDFF6896E}.Debug|iPhoneSimulator.ActiveCfg = Debug|iPhoneSimulator
		{2E287F97-3E67-4613-AA2F-3A3DDFF6896E}.Debug|iPhoneSimulator.Build.0 = Debug|iPhoneSimulator
		{2E287F97-3E67-4613-AA2F-3A3DDFF6896E}.Debug|iPhoneSimulator.Deploy.0 = Debug|iPhoneSimulator
		{2E287F97-3E67-4613-AA2F-3A3DDFF6896E}.Debug|x64.ActiveCfg = Debug|iPhoneSimulator
		{2E287F97-3E67-4613-AA2F-3A3DDFF6896E}.Debug|x64.Build.0 = Debug|iPhoneSimulator
		{2E287F97-3E67-4613-AA2F-3A3DDFF6896E}.Debug|x64.Deploy.0 = Debug|iPhoneSimulator
		{2E287F97-3E67-4613-AA2F-3A3DDFF6896E}.Debug|x86.ActiveCfg = Debug|iPhoneSimulator
		{2E287F97-3E67-4613-AA2F-3A3DDFF6896E}.Debug|x86.Build.0 = Debug|iPhoneSimulator
		{2E287F97-3E67-4613-AA2F-3A3DDFF6896E}.Debug|x86.Deploy.0 = Debug|iPhoneSimulator
		{2E287F97-3E67-4613-AA2F-3A3DDFF6896E}.Release|Any CPU.ActiveCfg = Release|iPhoneSimulator
		{2E287F97-3E67-4613-AA2F-3A3DDFF6896E}.Release|Any CPU.Build.0 = Release|iPhoneSimulator
		{2E287F97-3E67-4613-AA2F-3A3DDFF6896E}.Release|Any CPU.Deploy.0 = Release|iPhoneSimulator
		{2E287F97-3E67-4613-AA2F-3A3DDFF6896E}.Release|ARM.ActiveCfg = Release|iPhoneSimulator
		{2E287F97-3E67-4613-AA2F-3A3DDFF6896E}.Release|ARM.Build.0 = Release|iPhoneSimulator
		{2E287F97-3E67-4613-AA2F-3A3DDFF6896E}.Release|ARM.Deploy.0 = Release|iPhoneSimulator
		{2E287F97-3E67-4613-AA2F-3A3DDFF6896E}.Release|iPhone.ActiveCfg = Release|iPhone
		{2E287F97-3E67-4613-AA2F-3A3DDFF6896E}.Release|iPhone.Build.0 = Release|iPhone
		{2E287F97-3E67-4613-AA2F-3A3DDFF6896E}.Release|iPhone.Deploy.0 = Release|iPhone
		{2E287F97-3E67-4613-AA2F-3A3DDFF6896E}.Release|iPhoneSimulator.ActiveCfg = Release|iPhoneSimulator
		{2E287F97-3E67-4613-AA2F-3A3DDFF6896E}.Release|iPhoneSimulator.Build.0 = Release|iPhoneSimulator
		{2E287F97-3E67-4613-AA2F-3A3DDFF6896E}.Release|iPhoneSimulator.Deploy.0 = Release|iPhoneSimulator
		{2E287F97-3E67-4613-AA2F-3A3DDFF6896E}.Release|x64.ActiveCfg = Release|iPhoneSimulator
		{2E287F97-3E67-4613-AA2F-3A3DDFF6896E}.Release|x64.Build.0 = Release|iPhoneSimulator
		{2E287F97-3E67-4613-AA2F-3A3DDFF6896E}.Release|x64.Deploy.0 = Release|iPhoneSimulator
		{2E287F97-3E67-4613-AA2F-3A3DDFF6896E}.Release|x86.ActiveCfg = Release|iPhoneSimulator
		{2E287F97-3E67-4613-AA2F-3A3DDFF6896E}.Release|x86.Build.0 = Release|iPhoneSimulator
		{2E287F97-3E67-4613-AA2F-3A3DDFF6896E}.Release|x86.Deploy.0 = Release|iPhoneSimulator
		{F7B353B6-2BDE-44FF-B965-EA21A804E3D0}.Debug|Any CPU.ActiveCfg = Debug|Any CPU
		{F7B353B6-2BDE-44FF-B965-EA21A804E3D0}.Debug|Any CPU.Build.0 = Debug|Any CPU
		{F7B353B6-2BDE-44FF-B965-EA21A804E3D0}.Debug|Any CPU.Deploy.0 = Debug|Any CPU
		{F7B353B6-2BDE-44FF-B965-EA21A804E3D0}.Debug|ARM.ActiveCfg = Debug|Any CPU
		{F7B353B6-2BDE-44FF-B965-EA21A804E3D0}.Debug|ARM.Build.0 = Debug|Any CPU
		{F7B353B6-2BDE-44FF-B965-EA21A804E3D0}.Debug|ARM.Deploy.0 = Debug|Any CPU
		{F7B353B6-2BDE-44FF-B965-EA21A804E3D0}.Debug|iPhone.ActiveCfg = Debug|Any CPU
		{F7B353B6-2BDE-44FF-B965-EA21A804E3D0}.Debug|iPhone.Build.0 = Debug|Any CPU
		{F7B353B6-2BDE-44FF-B965-EA21A804E3D0}.Debug|iPhone.Deploy.0 = Debug|Any CPU
		{F7B353B6-2BDE-44FF-B965-EA21A804E3D0}.Debug|iPhoneSimulator.ActiveCfg = Debug|Any CPU
		{F7B353B6-2BDE-44FF-B965-EA21A804E3D0}.Debug|iPhoneSimulator.Build.0 = Debug|Any CPU
		{F7B353B6-2BDE-44FF-B965-EA21A804E3D0}.Debug|iPhoneSimulator.Deploy.0 = Debug|Any CPU
		{F7B353B6-2BDE-44FF-B965-EA21A804E3D0}.Debug|x64.ActiveCfg = Debug|Any CPU
		{F7B353B6-2BDE-44FF-B965-EA21A804E3D0}.Debug|x64.Build.0 = Debug|Any CPU
		{F7B353B6-2BDE-44FF-B965-EA21A804E3D0}.Debug|x64.Deploy.0 = Debug|Any CPU
		{F7B353B6-2BDE-44FF-B965-EA21A804E3D0}.Debug|x86.ActiveCfg = Debug|Any CPU
		{F7B353B6-2BDE-44FF-B965-EA21A804E3D0}.Debug|x86.Build.0 = Debug|Any CPU
		{F7B353B6-2BDE-44FF-B965-EA21A804E3D0}.Debug|x86.Deploy.0 = Debug|Any CPU
		{F7B353B6-2BDE-44FF-B965-EA21A804E3D0}.Release|Any CPU.ActiveCfg = Release|Any CPU
		{F7B353B6-2BDE-44FF-B965-EA21A804E3D0}.Release|Any CPU.Build.0 = Release|Any CPU
		{F7B353B6-2BDE-44FF-B965-EA21A804E3D0}.Release|Any CPU.Deploy.0 = Release|Any CPU
		{F7B353B6-2BDE-44FF-B965-EA21A804E3D0}.Release|ARM.ActiveCfg = Release|Any CPU
		{F7B353B6-2BDE-44FF-B965-EA21A804E3D0}.Release|ARM.Build.0 = Release|Any CPU
		{F7B353B6-2BDE-44FF-B965-EA21A804E3D0}.Release|ARM.Deploy.0 = Release|Any CPU
		{F7B353B6-2BDE-44FF-B965-EA21A804E3D0}.Release|iPhone.ActiveCfg = Release|Any CPU
		{F7B353B6-2BDE-44FF-B965-EA21A804E3D0}.Release|iPhone.Build.0 = Release|Any CPU
		{F7B353B6-2BDE-44FF-B965-EA21A804E3D0}.Release|iPhone.Deploy.0 = Release|Any CPU
		{F7B353B6-2BDE-44FF-B965-EA21A804E3D0}.Release|iPhoneSimulator.ActiveCfg = Release|Any CPU
		{F7B353B6-2BDE-44FF-B965-EA21A804E3D0}.Release|iPhoneSimulator.Build.0 = Release|Any CPU
		{F7B353B6-2BDE-44FF-B965-EA21A804E3D0}.Release|iPhoneSimulator.Deploy.0 = Release|Any CPU
		{F7B353B6-2BDE-44FF-B965-EA21A804E3D0}.Release|x64.ActiveCfg = Release|Any CPU
		{F7B353B6-2BDE-44FF-B965-EA21A804E3D0}.Release|x64.Build.0 = Release|Any CPU
		{F7B353B6-2BDE-44FF-B965-EA21A804E3D0}.Release|x64.Deploy.0 = Release|Any CPU
		{F7B353B6-2BDE-44FF-B965-EA21A804E3D0}.Release|x86.ActiveCfg = Release|Any CPU
		{F7B353B6-2BDE-44FF-B965-EA21A804E3D0}.Release|x86.Build.0 = Release|Any CPU
		{F7B353B6-2BDE-44FF-B965-EA21A804E3D0}.Release|x86.Deploy.0 = Release|Any CPU
	EndGlobalSection
	GlobalSection(SolutionProperties) = preSolution
		HideSolutionNode = FALSE
	EndGlobalSection
	GlobalSection(ExtensibilityGlobals) = postSolution
		SolutionGuid = {0A4D0B78-600B-4237-8246-C40E578770E4}
	EndGlobalSection
EndGlobal
